
Microsoft Visual Studio Solution File, Format Version 12.00
# Visual Studio Version 16
VisualStudioVersion = 16.0.32126.315
MinimumVisualStudioVersion = 10.0.40219.1
Project("{FAE04EC0-301F-11D3-BF4B-00C04F79EFBC}") = "Supermercado_APP", "Supermercado_APP\Supermercado_APP.csproj", "{6CAB681E-2081-40A2-80BA-3B1C46859625}"
EndProject
Global
	GlobalSection(SolutionConfigurationPlatforms) = preSolution
		Debug|Any CPU = Debug|Any CPU
		Release|Any CPU = Release|Any CPU
	EndGlobalSection
	GlobalSection(ProjectConfigurationPlatforms) = postSolution
		{6CAB681E-2081-40A2-80BA-3B1C46859625}.Debug|Any CPU.ActiveCfg = Debug|Any CPU
		{6CAB681E-2081-40A2-80BA-3B1C46859625}.Debug|Any CPU.Build.0 = Debug|Any CPU
		{6CAB681E-2081-40A2-80BA-3B1C46859625}.Release|Any CPU.ActiveCfg = Release|Any CPU
		{6CAB681E-2081-40A2-80BA-3B1C46859625}.Release|Any CPU.Build.0 = Release|Any CPU
	EndGlobalSection
	GlobalSection(SolutionProperties) = preSolution
		HideSolutionNode = FALSE
	EndGlobalSection
	GlobalSection(ExtensibilityGlobals) = postSolution
		SolutionGuid = {FA70647C-815E-4E34-A2E9-87D32B7529EA}
	EndGlobalSection
EndGlobal
